{
    "yiisoft/aliases": {
        "version": "2.0.0",
        "params.php": "438593225862690b00d87fbccaa99bf8",
        "common.php": "1c3045e19fad0f6a45dbeb59136c4144"
    },
    "yiisoft/assets": {
        "version": "1.0.0",
        "params.php": "b2a8c65beb1d47653683536471665231",
        "web.php": "e77af09d154e27f85f2f72fb4f2da448"
    },
    "yiisoft/cache": {
        "version": "1.0.1",
        "common.php": "46175aab966be00c21b0d8424fab2f30"
    },
    "yiisoft/cache-file": {
        "version": "1.0.1",
        "common.php": "cab74307fa6d3af175dae285be910a47",
        "params.php": "c60b7d1813b3dde2a43e433f8d6fed5a"
    },
    "yiisoft/csrf": {
        "version": "1.0.2",
        "params.php": "25b272f2729f9d5e85c930d1bf64f1ed",
        "web.php": "2b6cc33099a25d6414d8c1198f07e0e1"
    },
    "yiisoft/data-response": {
        "version": "dev-master 19c136e",
        "web.php": "4d711632a5788457ef0704c1ee7bb532"
    },
    "yiisoft/error-handler": {
        "version": "1.0.0",
        "web.php": "e6f389ca4fc59c9acaf87a05794d39e3"
    },
    "yiisoft/log": {
        "version": "1.0.2",
        "events-console.php": "dba155a1e9ddff313d6899eebe684799",
        "events-web.php": "550b5ab87519380102e93143cee95913"
    },
    "yiisoft/log-target-file": {
        "version": "1.0.3",
        "common.php": "a0a485940ce6f720b44264901a71d0c6",
        "params.php": "16e4ea41a7d8964fff91d711bc5bb173"
    },
    "yiisoft/mailer-swiftmailer": {
        "version": "dev-master ba6145d",
        "params.php": "fa0affb170e72dccb48f5ce1481a7ca7",
        "common.php": "8399f225f94b911cab8a3e94199c4ed7"
    },
    "yiisoft/middleware-dispatcher": {
        "version": "dev-master e56a1e8",
        "web.php": "1ff3630c9b5b3c6093c3ae937def14ba"
    },
    "yiisoft/profiler": {
        "version": "1.0.0",
        "common.php": "2123a9974b089ef8f249b8c004a70c8e",
        "events-web.php": "4c43138ab4d6bfa896e48e606c362ddc",
        "params.php": "d62d1a018bd5504d38a811d24d6ab7e2"
    },
    "yiisoft/router": {
        "version": "dev-master f2e62fd",
        "common.php": "8a010697253571a0be3d2ba6998a33bb"
    },
    "yiisoft/router-fastroute": {
        "version": "dev-master 6ac299a",
        "params.php": "9eae6d19e6ab31138015d8649f58ff51",
        "common.php": "fb36fe8b17270311521c44c14678dcc3",
        "web.php": "cc597ad25859dbec67fff4830136e7a5"
    },
    "yiisoft/session": {
        "version": "1.0.2",
        "web.php": "cf8f19353f10ce798ba694941c44a301",
        "params.php": "7581377094a3f76d9f1712e3f8dd18b7"
    },
    "yiisoft/user": {
        "version": "dev-master 5d267ea",
        "params.php": "cb8c2b57fbdcdb4509ab59bc6ed83151",
        "web.php": "a6c0e81c77836e347578372153c7edeb"
    },
    "yiisoft/validator": {
        "version": "dev-master a20a6f4",
        "common.php": "4b94172a2c47b9f7db89944ce6655751"
    },
    "yiisoft/view": {
        "version": "dev-master 747d674",
        "params.php": "ca97adea9f9ae25196245a45e3e9e08d",
        "common.php": "2206cdb4de703642ff69e6337ce6bd4c",
        "web.php": "9b7055f276fb5fd981e2a390d25cf29b"
    },
    "yiisoft/widget": {
        "version": "dev-master 7e8e092",
        "providers.php": "48e874fa0ba37dfcfe1393dd15b9d949",
        "bootstrap.php": "9113a7b764858abc99e0a0a45ac8f457"
    },
    "yiisoft/yii-bootstrap5": {
        "version": "dev-master 6db7352",
        "params.php": "31bf3794fea2c47320a19318393cc029",
        "web/field.php": "de80775138e87752de0105d78b838bd4"
    },
    "yiisoft/yii-console": {
        "version": "dev-master df9dfe2",
        "params.php": "f317cc18e62d6e61e57cc96f72b354d7",
        "console.php": "2c0ab3e1a5ccae37dea7d7fe86b46c07",
        "events-console.php": "92c76da023e07b7845db29791235dd17",
        "providers-console.php": "7887e93f0895f75069c346b8ae701366"
    },
    "yiisoft/yii-cycle": {
        "version": "dev-master 5249640",
        "params.php": "20c284acbf8170fadf176c864157afce",
        "common.php": "95ff412d5822a8582f4dca5102df79db",
        "console.php": "bcb91829eac311cbb3f16b894c311b8f",
        "events-console.php": "0e84be7a07918d4b90bfc63348ef8680",
        "providers-web.php": "ba6001b74ca82d99935875e6492c50a8"
    },
    "yiisoft/yii-debug": {
        "version": "dev-master 14a98bc",
        "tests.php": "7727e3ab9ff6fa8a153a90c6304b4753",
        "params.php": "50c35c85c116995b86e8c18b39f213a1",
        "common.php": "da5aea20c4ed6d46cef5184038893a15",
        "console.php": "525ce68b84017e492c441d95fbd8a265",
        "web.php": "edf37314901b569cd4c431323ad56bb7",
        "providers.php": "e54e0589e428e57a8d34dc04565e8fc3",
        "events-web.php": "1d4110fa4f1225ea0114e3ec6cf053d0",
        "events-console.php": "a01ff5a6a3a35d1192b0e8b4182382cf"
    },
    "yiisoft/yii-debug-api": {
        "version": "dev-master 2c2d0c2",
        "params.php": "5eb11a300cb2db2c9712c61743b37182",
        "web.php": "882967102bb844a5a45e02d77baf6496",
        "routes.php": "e40a756c8f5e1cb8b05c4e1a6f75d58e",
        "providers-web.php": "99604d088a8730aba2fa8c5c49026f30"
    },
    "yiisoft/yii-debug-viewer": {
        "version": "dev-master 7ac9caf",
        "config/web.php": "1cbc3721b22dee483bef779bc8828ad5",
        "config/params.php": "160812b44e3dd90520c87e97ec42c8d5",
        "config/routes.php": "96153486086b5697eebab42d8e89acdf"
    },
    "yiisoft/yii-event": {
        "version": "1.0.0",
        "common.php": "c0e82623530c3eefe6896598717052bc",
        "console.php": "95dec8db5406503efb918c1896625e97",
        "events.php": "b140cb50c88c8560f2d370c27a9ea541",
        "events-web.php": "b140cb50c88c8560f2d370c27a9ea541",
        "events-console.php": "b140cb50c88c8560f2d370c27a9ea541",
        "web.php": "7b30a1ef334d708d7df893d10badf134"
    },
    "yiisoft/yii-filesystem": {
        "version": "dev-master 1593798",
        "common.php": "351a6fb358d6c6ad73d05fc0e7b02d52",
        "providers.php": "b536be5f07d471da91b489801969aec1"
    },
    "yiisoft/yii-view": {
        "version": "dev-master c726148",
        "params.php": "2ef5d4e92b8197a836bb4ee4a0eececa",
        "web.php": "440a200ced936f82262a5331fc924acf"
    }
}