{
    "requires": true,
    "lockfileVersion": 1,
    "dependencies": {
        "@composer-asset/yiisoft--yii-bootstrap4": {
            "version": "file:vendor/foxy/composer-asset/yiisoft/yii-bootstrap4",
            "requires": {
                "bootstrap": "^4.1.3",
                "jquery": "^3.3.1",
                "popper.js": "^1.14.5"
            }
        },
        "bootstrap": {
            "version": "4.4.1",
            "resolved": "https://registry.npmjs.org/bootstrap/-/bootstrap-4.4.1.tgz",
            "integrity": "sha512-tbx5cHubwE6e2ZG7nqM3g/FZ5PQEDMWmMGNrCUBVRPHXTJaH7CBDdsLeu3eCh3B1tzAxTnAbtmrzvWEvT2NNEA=="
        },
        "jquery": {
            "version": "3.4.1",
            "resolved": "https://registry.npmjs.org/jquery/-/jquery-3.4.1.tgz",
            "integrity": "sha512-36+AdBzCL+y6qjw5Tx7HgzeGCzC81MDDgaUP8ld2zhx58HdqXGoBd+tHdrBMiyjGQs0Hxs/MLZTu/eHNJJuWPw=="
        },
        "popper.js": {
            "version": "1.16.1",
            "resolved": "https://registry.npmjs.org/popper.js/-/popper.js-1.16.1.tgz",
            "integrity": "sha512-Wb4p1J4zyFTbM+u6WuO4XstYx4Ky9Cewe4DWrel7B0w6VVICvPwdOpotjzcf6eD8TsckVnIMNONQyPIUFOUbCQ=="
        }
    }
}
