{
    "name": "yii3-demo-blog",
    "version": "1.0.0",
    "lockfileVersion": 1,
    "requires": true,
    "dependencies": {
        "bootstrap": {
            "version": "5.3.7",
            "resolved": "https://registry.npmjs.org/bootstrap/-/bootstrap-5.3.7.tgz",
            "integrity": "sha512-7KgiD8UHjfcPBHEpDNg+zGz8L3LqR3GVwqZiBRFX04a1BCArZOz1r2kjly2HQ0WokqTO0v1nF+QAt8dsW4lKlw=="
        }
    }
}
